{
  "name": "term-debugger",
  "version": "1.0.0",
  "lockfileVersion": 1,
  "requires": true,
  "dependencies": {
    "exit-hook": {
      "version": "2.2.0",
      "resolved": "https://registry.npmjs.org/exit-hook/-/exit-hook-2.2.0.tgz",
      "integrity": "sha512-YFH+2oGdldRH5GqGpnaiKbBxWHMmuXHmKTMtUC58kWSOrnTf95rKITVSFTTtas14DWvWpih429+ffAvFetPwNA=="
    },
    "node-fetch": {
      "version": "2.6.1",
      "resolved": "https://registry.npmjs.org/node-fetch/-/node-fetch-2.6.1.tgz",
      "integrity": "sha512-V4aYg89jEoVRxRb2fJdAg8FHvI7cEyYdVAh94HH0UIK8oJxUfkjlDQN9RbMx+bEjP7+ggMiFRprSti032Oipxw=="
    },
    "simple-sleep": {
      "version": "1.0.2",
      "resolved": "https://registry.npmjs.org/simple-sleep/-/simple-sleep-1.0.2.tgz",
      "integrity": "sha512-PplbjoFMH/KZkryvgY+WD4TksskrhHRT7LnKIYbwJ/pXAV8HAW6x+7aNxC7BW+6G1UKtZjoTcU+5yhpn5NrmwA=="
    },
    "styled_string": {
      "version": "0.0.1",
      "resolved": "https://registry.npmjs.org/styled_string/-/styled_string-0.0.1.tgz",
      "integrity": "sha1-0ieCvYEpVFm8Tx3xjEutjpTdEko="
    }
  }
}
